
Microsoft Visual Studio Solution File, Format Version 12.00
# Visual Studio Version 16
VisualStudioVersion = 16.0.30128.74
MinimumVisualStudioVersion = 10.0.40219.1
Project("{FAE04EC0-301F-11D3-BF4B-00C04F79EFBC}") = "TheBasic", "TheBasic\TheBasic.csproj", "{8BBA776B-7A80-4E3C-A149-73B1327287CE}"
EndProject
Project("{FAE04EC0-301F-11D3-BF4B-00C04F79EFBC}") = "TheBasic.ViewModel", "TheBasic.ViewModel\TheBasic.ViewModel.csproj", "{19E347E5-0B03-45DE-8330-9D62AD8AA8D4}"
EndProject
Project("{FAE04EC0-301F-11D3-BF4B-00C04F79EFBC}") = "TheBasic.DataLayer", "TheBasic.DataLayer\TheBasic.DataLayer.csproj", "{4B8295A8-760B-4401-A82A-9718A8C3AC60}"
EndProject
Project("{FAE04EC0-301F-11D3-BF4B-00C04F79EFBC}") = "TheBasic.Logic", "TheBasic.Logic\TheBasic.Logic.csproj", "{58F6AEB6-DD1B-491A-8E80-42DB7719F374}"
EndProject
Global
	GlobalSection(SolutionConfigurationPlatforms) = preSolution
		Debug|Any CPU = Debug|Any CPU
		Release|Any CPU = Release|Any CPU
	EndGlobalSection
	GlobalSection(ProjectConfigurationPlatforms) = postSolution
		{8BBA776B-7A80-4E3C-A149-73B1327287CE}.Debug|Any CPU.ActiveCfg = Debug|Any CPU
		{8BBA776B-7A80-4E3C-A149-73B1327287CE}.Debug|Any CPU.Build.0 = Debug|Any CPU
		{8BBA776B-7A80-4E3C-A149-73B1327287CE}.Release|Any CPU.ActiveCfg = Release|Any CPU
		{8BBA776B-7A80-4E3C-A149-73B1327287CE}.Release|Any CPU.Build.0 = Release|Any CPU
		{19E347E5-0B03-45DE-8330-9D62AD8AA8D4}.Debug|Any CPU.ActiveCfg = Debug|Any CPU
		{19E347E5-0B03-45DE-8330-9D62AD8AA8D4}.Debug|Any CPU.Build.0 = Debug|Any CPU
		{19E347E5-0B03-45DE-8330-9D62AD8AA8D4}.Release|Any CPU.ActiveCfg = Release|Any CPU
		{19E347E5-0B03-45DE-8330-9D62AD8AA8D4}.Release|Any CPU.Build.0 = Release|Any CPU
		{4B8295A8-760B-4401-A82A-9718A8C3AC60}.Debug|Any CPU.ActiveCfg = Debug|Any CPU
		{4B8295A8-760B-4401-A82A-9718A8C3AC60}.Debug|Any CPU.Build.0 = Debug|Any CPU
		{4B8295A8-760B-4401-A82A-9718A8C3AC60}.Release|Any CPU.ActiveCfg = Release|Any CPU
		{4B8295A8-760B-4401-A82A-9718A8C3AC60}.Release|Any CPU.Build.0 = Release|Any CPU
		{58F6AEB6-DD1B-491A-8E80-42DB7719F374}.Debug|Any CPU.ActiveCfg = Debug|Any CPU
		{58F6AEB6-DD1B-491A-8E80-42DB7719F374}.Debug|Any CPU.Build.0 = Debug|Any CPU
		{58F6AEB6-DD1B-491A-8E80-42DB7719F374}.Release|Any CPU.ActiveCfg = Release|Any CPU
		{58F6AEB6-DD1B-491A-8E80-42DB7719F374}.Release|Any CPU.Build.0 = Release|Any CPU
	EndGlobalSection
	GlobalSection(SolutionProperties) = preSolution
		HideSolutionNode = FALSE
	EndGlobalSection
	GlobalSection(ExtensibilityGlobals) = postSolution
		SolutionGuid = {C185666E-4BE6-4232-8D61-68043D854F59}
	EndGlobalSection
EndGlobal
